// !$*UTF8*$!
{
	archiveVersion = 1;
	classes = {
	};
	objectVersion = 46;
	objects = {

/* Begin PBXBuildFile section */
		416920B319DF91FF00C75A10 /* AppDelegate.swift in Sources */ = {isa = PBXBuildFile; fileRef = 416920B219DF91FF00C75A10 /* AppDelegate.swift */; };
		416920C919DF91FF00C75A10 /* FBPhotosTests.swift in Sources */ = {isa = PBXBuildFile; fileRef = 416920C819DF91FF00C75A10 /* FBPhotosTests.swift */; };
		416920D819DF953A00C75A10 /* LaunchScreen.xib in Resources */ = {isa = PBXBuildFile; fileRef = 416920D419DF953A00C75A10 /* LaunchScreen.xib */; };
		416920D919DF953A00C75A10 /* Main.storyboard in Resources */ = {isa = PBXBuildFile; fileRef = 416920D619DF953A00C75A10 /* Main.storyboard */; };
		416920F019DF96A600C75A10 /* FBPhotosKitTests.swift in Sources */ = {isa = PBXBuildFile; fileRef = 416920EF19DF96A600C75A10 /* FBPhotosKitTests.swift */; };
		416920F319DF96A600C75A10 /* FBPhotosKit.framework in Frameworks */ = {isa = PBXBuildFile; fileRef = 416920DF19DF96A500C75A10 /* FBPhotosKit.framework */; };
		416920F419DF96A600C75A10 /* FBPhotosKit.framework in Embed Frameworks */ = {isa = PBXBuildFile; fileRef = 416920DF19DF96A500C75A10 /* FBPhotosKit.framework */; settings = {ATTRIBUTES = (CodeSignOnCopy, RemoveHeadersOnCopy, ); }; };
		4169210919DF975400C75A10 /* Images.xcassets in Resources */ = {isa = PBXBuildFile; fileRef = 4169210819DF975400C75A10 /* Images.xcassets */; };
		4169210E19DF9CE700C75A10 /* SocialManager.swift in Sources */ = {isa = PBXBuildFile; fileRef = 4169210D19DF9CE700C75A10 /* SocialManager.swift */; };
		4169216819DFE54900C75A10 /* LoginViewController.swift in Sources */ = {isa = PBXBuildFile; fileRef = 4169216719DFE54900C75A10 /* LoginViewController.swift */; };
		4169219319E0078800C75A10 /* BaseViewController.swift in Sources */ = {isa = PBXBuildFile; fileRef = 4169219219E0078800C75A10 /* BaseViewController.swift */; };
		4169219519E01EE500C75A10 /* Constants.swift in Sources */ = {isa = PBXBuildFile; fileRef = 4169219419E01EE500C75A10 /* Constants.swift */; };
		4169219719E01FE500C75A10 /* FriendListsViewController.swift in Sources */ = {isa = PBXBuildFile; fileRef = 4169219619E01FE500C75A10 /* FriendListsViewController.swift */; };
		416921A219E0446400C75A10 /* Alamofire.framework in Frameworks */ = {isa = PBXBuildFile; fileRef = 4169219F19E0444D00C75A10 /* Alamofire.framework */; };
/* End PBXBuildFile section */

/* Begin PBXContainerItemProxy section */
		416920C319DF91FF00C75A10 /* PBXContainerItemProxy */ = {
			isa = PBXContainerItemProxy;
			containerPortal = 416920A519DF91FF00C75A10 /* Project object */;
			proxyType = 1;
			remoteGlobalIDString = 416920AC19DF91FF00C75A10;
			remoteInfo = FBPhotos;
		};
		416920EA19DF96A600C75A10 /* PBXContainerItemProxy */ = {
			isa = PBXContainerItemProxy;
			containerPortal = 416920A519DF91FF00C75A10 /* Project object */;
			proxyType = 1;
			remoteGlobalIDString = 416920AC19DF91FF00C75A10;
			remoteInfo = FBPhotos;
		};
		416920F119DF96A600C75A10 /* PBXContainerItemProxy */ = {
			isa = PBXContainerItemProxy;
			containerPortal = 416920A519DF91FF00C75A10 /* Project object */;
			proxyType = 1;
			remoteGlobalIDString = 416920DE19DF96A500C75A10;
			remoteInfo = FBPhotosKit;
		};
		416920F519DF96A600C75A10 /* PBXContainerItemProxy */ = {
			isa = PBXContainerItemProxy;
			containerPortal = 416920A519DF91FF00C75A10 /* Project object */;
			proxyType = 1;
			remoteGlobalIDString = 416920DE19DF96A500C75A10;
			remoteInfo = FBPhotosKit;
		};
		4169219E19E0444D00C75A10 /* PBXContainerItemProxy */ = {
			isa = PBXContainerItemProxy;
			containerPortal = 4169219919E0444D00C75A10 /* Alamofire.xcodeproj */;
			proxyType = 2;
			remoteGlobalIDString = F8111E3319A95C8B0040E7D1;
			remoteInfo = Alamofire;
		};
		416921A019E0444D00C75A10 /* PBXContainerItemProxy */ = {
			isa = PBXContainerItemProxy;
			containerPortal = 4169219919E0444D00C75A10 /* Alamofire.xcodeproj */;
			proxyType = 2;
			remoteGlobalIDString = F8111E3E19A95C8B0040E7D1;
			remoteInfo = AlamofireTests;
		};
/* End PBXContainerItemProxy section */

/* Begin PBXCopyFilesBuildPhase section */
		416920FA19DF96A600C75A10 /* Embed Frameworks */ = {
			isa = PBXCopyFilesBuildPhase;
			buildActionMask = 2147483647;
			dstPath = "";
			dstSubfolderSpec = 10;
			files = (
				416920F419DF96A600C75A10 /* FBPhotosKit.framework in Embed Frameworks */,
			);
			name = "Embed Frameworks";
			runOnlyForDeploymentPostprocessing = 0;
		};
/* End PBXCopyFilesBuildPhase section */

/* Begin PBXFileReference section */
		416920AD19DF91FF00C75A10 /* FBPhotos.app */ = {isa = PBXFileReference; explicitFileType = wrapper.application; includeInIndex = 0; path = FBPhotos.app; sourceTree = BUILT_PRODUCTS_DIR; };
		416920B219DF91FF00C75A10 /* AppDelegate.swift */ = {isa = PBXFileReference; lastKnownFileType = sourcecode.swift; path = AppDelegate.swift; sourceTree = "<group>"; };
		416920C219DF91FF00C75A10 /* FBPhotosTests.xctest */ = {isa = PBXFileReference; explicitFileType = wrapper.cfbundle; includeInIndex = 0; path = FBPhotosTests.xctest; sourceTree = BUILT_PRODUCTS_DIR; };
		416920C719DF91FF00C75A10 /* Info.plist */ = {isa = PBXFileReference; lastKnownFileType = text.plist.xml; path = Info.plist; sourceTree = "<group>"; };
		416920C819DF91FF00C75A10 /* FBPhotosTests.swift */ = {isa = PBXFileReference; lastKnownFileType = sourcecode.swift; path = FBPhotosTests.swift; sourceTree = "<group>"; };
		416920D519DF953A00C75A10 /* Base */ = {isa = PBXFileReference; lastKnownFileType = file.xib; name = Base; path = SupportingFiles/Base.lproj/LaunchScreen.xib; sourceTree = "<group>"; };
		416920D719DF953A00C75A10 /* Base */ = {isa = PBXFileReference; lastKnownFileType = file.storyboard; name = Base; path = SupportingFiles/Base.lproj/Main.storyboard; sourceTree = "<group>"; };
		416920DF19DF96A500C75A10 /* FBPhotosKit.framework */ = {isa = PBXFileReference; explicitFileType = wrapper.framework; includeInIndex = 0; path = FBPhotosKit.framework; sourceTree = BUILT_PRODUCTS_DIR; };
		416920E919DF96A600C75A10 /* FBPhotosKitTests.xctest */ = {isa = PBXFileReference; explicitFileType = wrapper.cfbundle; includeInIndex = 0; path = FBPhotosKitTests.xctest; sourceTree = BUILT_PRODUCTS_DIR; };
		416920EE19DF96A600C75A10 /* Info.plist */ = {isa = PBXFileReference; lastKnownFileType = text.plist.xml; path = Info.plist; sourceTree = "<group>"; };
		416920EF19DF96A600C75A10 /* FBPhotosKitTests.swift */ = {isa = PBXFileReference; lastKnownFileType = sourcecode.swift; path = FBPhotosKitTests.swift; sourceTree = "<group>"; };
		4169210319DF972100C75A10 /* Info.plist */ = {isa = PBXFileReference; fileEncoding = 4; lastKnownFileType = text.plist.xml; path = Info.plist; sourceTree = "<group>"; };
		4169210619DF974A00C75A10 /* Info.plist */ = {isa = PBXFileReference; fileEncoding = 4; lastKnownFileType = text.plist.xml; path = Info.plist; sourceTree = "<group>"; };
		4169210819DF975400C75A10 /* Images.xcassets */ = {isa = PBXFileReference; lastKnownFileType = folder.assetcatalog; path = Images.xcassets; sourceTree = "<group>"; };
		4169210D19DF9CE700C75A10 /* SocialManager.swift */ = {isa = PBXFileReference; fileEncoding = 4; lastKnownFileType = sourcecode.swift; path = SocialManager.swift; sourceTree = "<group>"; };
		4169216719DFE54900C75A10 /* LoginViewController.swift */ = {isa = PBXFileReference; fileEncoding = 4; lastKnownFileType = sourcecode.swift; path = LoginViewController.swift; sourceTree = "<group>"; };
		4169219219E0078800C75A10 /* BaseViewController.swift */ = {isa = PBXFileReference; fileEncoding = 4; lastKnownFileType = sourcecode.swift; path = BaseViewController.swift; sourceTree = "<group>"; };
		4169219419E01EE500C75A10 /* Constants.swift */ = {isa = PBXFileReference; fileEncoding = 4; lastKnownFileType = sourcecode.swift; path = Constants.swift; sourceTree = "<group>"; };
		4169219619E01FE500C75A10 /* FriendListsViewController.swift */ = {isa = PBXFileReference; fileEncoding = 4; lastKnownFileType = sourcecode.swift; path = FriendListsViewController.swift; sourceTree = "<group>"; };
		4169219919E0444D00C75A10 /* Alamofire.xcodeproj */ = {isa = PBXFileReference; lastKnownFileType = "wrapper.pb-project"; name = Alamofire.xcodeproj; path = Alamofire/Alamofire.xcodeproj; sourceTree = "<group>"; };
/* End PBXFileReference section */

/* Begin PBXFrameworksBuildPhase section */
		416920AA19DF91FF00C75A10 /* Frameworks */ = {
			isa = PBXFrameworksBuildPhase;
			buildActionMask = 2147483647;
			files = (
				416921A219E0446400C75A10 /* Alamofire.framework in Frameworks */,
				416920F319DF96A600C75A10 /* FBPhotosKit.framework in Frameworks */,
			);
			runOnlyForDeploymentPostprocessing = 0;
		};
		416920BF19DF91FF00C75A10 /* Frameworks */ = {
			isa = PBXFrameworksBuildPhase;
			buildActionMask = 2147483647;
			files = (
			);
			runOnlyForDeploymentPostprocessing = 0;
		};
		416920DB19DF96A500C75A10 /* Frameworks */ = {
			isa = PBXFrameworksBuildPhase;
			buildActionMask = 2147483647;
			files = (
			);
			runOnlyForDeploymentPostprocessing = 0;
		};
		416920E619DF96A600C75A10 /* Frameworks */ = {
			isa = PBXFrameworksBuildPhase;
			buildActionMask = 2147483647;
			files = (
			);
			runOnlyForDeploymentPostprocessing = 0;
		};
/* End PBXFrameworksBuildPhase section */

/* Begin PBXGroup section */
		416920A419DF91FF00C75A10 = {
			isa = PBXGroup;
			children = (
				416920AF19DF91FF00C75A10 /* FBPhotos */,
				416920E019DF96A500C75A10 /* FBPhotosKit */,
				416920C519DF91FF00C75A10 /* FBPhotosTests */,
				416920EC19DF96A600C75A10 /* FBPhotosKitTests */,
				4169219819E0441F00C75A10 /* Libraries */,
				4169210C19DF9B9A00C75A10 /* Imported Frameworks */,
				416920AE19DF91FF00C75A10 /* Products */,
			);
			sourceTree = "<group>";
		};
		416920AE19DF91FF00C75A10 /* Products */ = {
			isa = PBXGroup;
			children = (
				416920AD19DF91FF00C75A10 /* FBPhotos.app */,
				416920C219DF91FF00C75A10 /* FBPhotosTests.xctest */,
				416920DF19DF96A500C75A10 /* FBPhotosKit.framework */,
				416920E919DF96A600C75A10 /* FBPhotosKitTests.xctest */,
			);
			name = Products;
			sourceTree = "<group>";
		};
		416920AF19DF91FF00C75A10 /* FBPhotos */ = {
			isa = PBXGroup;
			children = (
				416920D419DF953A00C75A10 /* LaunchScreen.xib */,
				416920D619DF953A00C75A10 /* Main.storyboard */,
				416920B219DF91FF00C75A10 /* AppDelegate.swift */,
				4169219419E01EE500C75A10 /* Constants.swift */,
				4169210A19DF9B0700C75A10 /* View Controllers */,
				416920B019DF91FF00C75A10 /* Supporting Files */,
			);
			path = FBPhotos;
			sourceTree = "<group>";
		};
		416920B019DF91FF00C75A10 /* Supporting Files */ = {
			isa = PBXGroup;
			children = (
				4169210819DF975400C75A10 /* Images.xcassets */,
				4169210619DF974A00C75A10 /* Info.plist */,
			);
			name = "Supporting Files";
			path = SupportingFiles;
			sourceTree = "<group>";
		};
		416920C519DF91FF00C75A10 /* FBPhotosTests */ = {
			isa = PBXGroup;
			children = (
				416920C819DF91FF00C75A10 /* FBPhotosTests.swift */,
				416920C619DF91FF00C75A10 /* Supporting Files */,
			);
			path = FBPhotosTests;
			sourceTree = "<group>";
		};
		416920C619DF91FF00C75A10 /* Supporting Files */ = {
			isa = PBXGroup;
			children = (
				416920C719DF91FF00C75A10 /* Info.plist */,
			);
			name = "Supporting Files";
			sourceTree = "<group>";
		};
		416920E019DF96A500C75A10 /* FBPhotosKit */ = {
			isa = PBXGroup;
			children = (
				416921A319E04B4D00C75A10 /* Models */,
				4169210B19DF9B5D00C75A10 /* Manager */,
				416920E119DF96A600C75A10 /* Supporting Files */,
			);
			path = FBPhotosKit;
			sourceTree = "<group>";
		};
		416920E119DF96A600C75A10 /* Supporting Files */ = {
			isa = PBXGroup;
			children = (
				4169210319DF972100C75A10 /* Info.plist */,
			);
			name = "Supporting Files";
			path = SupportingFiles;
			sourceTree = "<group>";
		};
		416920EC19DF96A600C75A10 /* FBPhotosKitTests */ = {
			isa = PBXGroup;
			children = (
				416920EF19DF96A600C75A10 /* FBPhotosKitTests.swift */,
				416920ED19DF96A600C75A10 /* Supporting Files */,
			);
			path = FBPhotosKitTests;
			sourceTree = "<group>";
		};
		416920ED19DF96A600C75A10 /* Supporting Files */ = {
			isa = PBXGroup;
			children = (
				416920EE19DF96A600C75A10 /* Info.plist */,
			);
			name = "Supporting Files";
			sourceTree = "<group>";
		};
		4169210A19DF9B0700C75A10 /* View Controllers */ = {
			isa = PBXGroup;
			children = (
				4169216719DFE54900C75A10 /* LoginViewController.swift */,
				4169219219E0078800C75A10 /* BaseViewController.swift */,
				4169219619E01FE500C75A10 /* FriendListsViewController.swift */,
			);
			name = "View Controllers";
			sourceTree = "<group>";
		};
		4169210B19DF9B5D00C75A10 /* Manager */ = {
			isa = PBXGroup;
			children = (
				4169210D19DF9CE700C75A10 /* SocialManager.swift */,
			);
			name = Manager;
			sourceTree = "<group>";
		};
		4169210C19DF9B9A00C75A10 /* Imported Frameworks */ = {
			isa = PBXGroup;
			children = (
			);
			name = "Imported Frameworks";
			sourceTree = "<group>";
		};
		4169219819E0441F00C75A10 /* Libraries */ = {
			isa = PBXGroup;
			children = (
				4169219919E0444D00C75A10 /* Alamofire.xcodeproj */,
			);
			path = Libraries;
			sourceTree = "<group>";
		};
		4169219A19E0444D00C75A10 /* Products */ = {
			isa = PBXGroup;
			children = (
				4169219F19E0444D00C75A10 /* Alamofire.framework */,
				416921A119E0444D00C75A10 /* AlamofireTests.xctest */,
			);
			name = Products;
			sourceTree = "<group>";
		};
		416921A319E04B4D00C75A10 /* Models */ = {
			isa = PBXGroup;
			children = (
			);
			name = Models;
			sourceTree = "<group>";
		};
/* End PBXGroup section */

/* Begin PBXHeadersBuildPhase section */
		416920DC19DF96A500C75A10 /* Headers */ = {
			isa = PBXHeadersBuildPhase;
			buildActionMask = 2147483647;
			files = (
			);
			runOnlyForDeploymentPostprocessing = 0;
		};
/* End PBXHeadersBuildPhase section */

/* Begin PBXNativeTarget section */
		416920AC19DF91FF00C75A10 /* FBPhotos */ = {
			isa = PBXNativeTarget;
			buildConfigurationList = 416920CC19DF91FF00C75A10 /* Build configuration list for PBXNativeTarget "FBPhotos" */;
			buildPhases = (
				416920A919DF91FF00C75A10 /* Sources */,
				416920AA19DF91FF00C75A10 /* Frameworks */,
				416920AB19DF91FF00C75A10 /* Resources */,
				416920FA19DF96A600C75A10 /* Embed Frameworks */,
			);
			buildRules = (
			);
			dependencies = (
				416920F219DF96A600C75A10 /* PBXTargetDependency */,
				416920F619DF96A600C75A10 /* PBXTargetDependency */,
			);
			name = FBPhotos;
			productName = FBPhotos;
			productReference = 416920AD19DF91FF00C75A10 /* FBPhotos.app */;
			productType = "com.apple.product-type.application";
		};
		416920C119DF91FF00C75A10 /* FBPhotosTests */ = {
			isa = PBXNativeTarget;
			buildConfigurationList = 416920CF19DF91FF00C75A10 /* Build configuration list for PBXNativeTarget "FBPhotosTests" */;
			buildPhases = (
				416920BE19DF91FF00C75A10 /* Sources */,
				416920BF19DF91FF00C75A10 /* Frameworks */,
				416920C019DF91FF00C75A10 /* Resources */,
			);
			buildRules = (
			);
			dependencies = (
				416920C419DF91FF00C75A10 /* PBXTargetDependency */,
			);
			name = FBPhotosTests;
			productName = FBPhotosTests;
			productReference = 416920C219DF91FF00C75A10 /* FBPhotosTests.xctest */;
			productType = "com.apple.product-type.bundle.unit-test";
		};
		416920DE19DF96A500C75A10 /* FBPhotosKit */ = {
			isa = PBXNativeTarget;
			buildConfigurationList = 416920F719DF96A600C75A10 /* Build configuration list for PBXNativeTarget "FBPhotosKit" */;
			buildPhases = (
				416920DA19DF96A500C75A10 /* Sources */,
				416920DB19DF96A500C75A10 /* Frameworks */,
				416920DC19DF96A500C75A10 /* Headers */,
				416920DD19DF96A500C75A10 /* Resources */,
			);
			buildRules = (
			);
			dependencies = (
			);
			name = FBPhotosKit;
			productName = FBPhotosKit;
			productReference = 416920DF19DF96A500C75A10 /* FBPhotosKit.framework */;
			productType = "com.apple.product-type.framework";
		};
		416920E819DF96A600C75A10 /* FBPhotosKitTests */ = {
			isa = PBXNativeTarget;
			buildConfigurationList = 416920FB19DF96A600C75A10 /* Build configuration list for PBXNativeTarget "FBPhotosKitTests" */;
			buildPhases = (
				416920E519DF96A600C75A10 /* Sources */,
				416920E619DF96A600C75A10 /* Frameworks */,
				416920E719DF96A600C75A10 /* Resources */,
			);
			buildRules = (
			);
			dependencies = (
				416920EB19DF96A600C75A10 /* PBXTargetDependency */,
			);
			name = FBPhotosKitTests;
			productName = FBPhotosKitTests;
			productReference = 416920E919DF96A600C75A10 /* FBPhotosKitTests.xctest */;
			productType = "com.apple.product-type.bundle.unit-test";
		};
/* End PBXNativeTarget section */

/* Begin PBXProject section */
		416920A519DF91FF00C75A10 /* Project object */ = {
			isa = PBXProject;
			attributes = {
				LastUpgradeCheck = 0600;
				ORGANIZATIONNAME = kyo__hei;
				TargetAttributes = {
					416920AC19DF91FF00C75A10 = {
						CreatedOnToolsVersion = 6.0.1;
						DevelopmentTeam = 6EC83W22VX;
					};
					416920C119DF91FF00C75A10 = {
						CreatedOnToolsVersion = 6.0.1;
						TestTargetID = 416920AC19DF91FF00C75A10;
					};
					416920DE19DF96A500C75A10 = {
						CreatedOnToolsVersion = 6.0.1;
					};
					416920E819DF96A600C75A10 = {
						CreatedOnToolsVersion = 6.0.1;
						TestTargetID = 416920AC19DF91FF00C75A10;
					};
				};
			};
			buildConfigurationList = 416920A819DF91FF00C75A10 /* Build configuration list for PBXProject "FBPhotos" */;
			compatibilityVersion = "Xcode 3.2";
			developmentRegion = English;
			hasScannedForEncodings = 0;
			knownRegions = (
				en,
				Base,
			);
			mainGroup = 416920A419DF91FF00C75A10;
			productRefGroup = 416920AE19DF91FF00C75A10 /* Products */;
			projectDirPath = "";
			projectReferences = (
				{
					ProductGroup = 4169219A19E0444D00C75A10 /* Products */;
					ProjectRef = 4169219919E0444D00C75A10 /* Alamofire.xcodeproj */;
				},
			);
			projectRoot = "";
			targets = (
				416920AC19DF91FF00C75A10 /* FBPhotos */,
				416920DE19DF96A500C75A10 /* FBPhotosKit */,
				416920E819DF96A600C75A10 /* FBPhotosKitTests */,
				416920C119DF91FF00C75A10 /* FBPhotosTests */,
			);
		};
/* End PBXProject section */

/* Begin PBXReferenceProxy section */
		4169219F19E0444D00C75A10 /* Alamofire.framework */ = {
			isa = PBXReferenceProxy;
			fileType = wrapper.framework;
			path = Alamofire.framework;
			remoteRef = 4169219E19E0444D00C75A10 /* PBXContainerItemProxy */;
			sourceTree = BUILT_PRODUCTS_DIR;
		};
		416921A119E0444D00C75A10 /* AlamofireTests.xctest */ = {
			isa = PBXReferenceProxy;
			fileType = wrapper.cfbundle;
			path = AlamofireTests.xctest;
			remoteRef = 416921A019E0444D00C75A10 /* PBXContainerItemProxy */;
			sourceTree = BUILT_PRODUCTS_DIR;
		};
/* End PBXReferenceProxy section */

/* Begin PBXResourcesBuildPhase section */
		416920AB19DF91FF00C75A10 /* Resources */ = {
			isa = PBXResourcesBuildPhase;
			buildActionMask = 2147483647;
			files = (
				416920D919DF953A00C75A10 /* Main.storyboard in Resources */,
				4169210919DF975400C75A10 /* Images.xcassets in Resources */,
				416920D819DF953A00C75A10 /* LaunchScreen.xib in Resources */,
			);
			runOnlyForDeploymentPostprocessing = 0;
		};
		416920C019DF91FF00C75A10 /* Resources */ = {
			isa = PBXResourcesBuildPhase;
			buildActionMask = 2147483647;
			files = (
			);
			runOnlyForDeploymentPostprocessing = 0;
		};
		416920DD19DF96A500C75A10 /* Resources */ = {
			isa = PBXResourcesBuildPhase;
			buildActionMask = 2147483647;
			files = (
			);
			runOnlyForDeploymentPostprocessing = 0;
		};
		416920E719DF96A600C75A10 /* Resources */ = {
			isa = PBXResourcesBuildPhase;
			buildActionMask = 2147483647;
			files = (
			);
			runOnlyForDeploymentPostprocessing = 0;
		};
/* End PBXResourcesBuildPhase section */

/* Begin PBXSourcesBuildPhase section */
		416920A919DF91FF00C75A10 /* Sources */ = {
			isa = PBXSourcesBuildPhase;
			buildActionMask = 2147483647;
			files = (
				4169216819DFE54900C75A10 /* LoginViewController.swift in Sources */,
				416920B319DF91FF00C75A10 /* AppDelegate.swift in Sources */,
				4169219319E0078800C75A10 /* BaseViewController.swift in Sources */,
				4169219719E01FE500C75A10 /* FriendListsViewController.swift in Sources */,
				4169219519E01EE500C75A10 /* Constants.swift in Sources */,
			);
			runOnlyForDeploymentPostprocessing = 0;
		};
		416920BE19DF91FF00C75A10 /* Sources */ = {
			isa = PBXSourcesBuildPhase;
			buildActionMask = 2147483647;
			files = (
				416920C919DF91FF00C75A10 /* FBPhotosTests.swift in Sources */,
			);
			runOnlyForDeploymentPostprocessing = 0;
		};
		416920DA19DF96A500C75A10 /* Sources */ = {
			isa = PBXSourcesBuildPhase;
			buildActionMask = 2147483647;
			files = (
				4169210E19DF9CE700C75A10 /* SocialManager.swift in Sources */,
			);
			runOnlyForDeploymentPostprocessing = 0;
		};
		416920E519DF96A600C75A10 /* Sources */ = {
			isa = PBXSourcesBuildPhase;
			buildActionMask = 2147483647;
			files = (
				416920F019DF96A600C75A10 /* FBPhotosKitTests.swift in Sources */,
			);
			runOnlyForDeploymentPostprocessing = 0;
		};
/* End PBXSourcesBuildPhase section */

/* Begin PBXTargetDependency section */
		416920C419DF91FF00C75A10 /* PBXTargetDependency */ = {
			isa = PBXTargetDependency;
			target = 416920AC19DF91FF00C75A10 /* FBPhotos */;
			targetProxy = 416920C319DF91FF00C75A10 /* PBXContainerItemProxy */;
		};
		416920EB19DF96A600C75A10 /* PBXTargetDependency */ = {
			isa = PBXTargetDependency;
			target = 416920AC19DF91FF00C75A10 /* FBPhotos */;
			targetProxy = 416920EA19DF96A600C75A10 /* PBXContainerItemProxy */;
		};
		416920F219DF96A600C75A10 /* PBXTargetDependency */ = {
			isa = PBXTargetDependency;
			target = 416920DE19DF96A500C75A10 /* FBPhotosKit */;
			targetProxy = 416920F119DF96A600C75A10 /* PBXContainerItemProxy */;
		};
		416920F619DF96A600C75A10 /* PBXTargetDependency */ = {
			isa = PBXTargetDependency;
			target = 416920DE19DF96A500C75A10 /* FBPhotosKit */;
			targetProxy = 416920F519DF96A600C75A10 /* PBXContainerItemProxy */;
		};
/* End PBXTargetDependency section */

/* Begin PBXVariantGroup section */
		416920D419DF953A00C75A10 /* LaunchScreen.xib */ = {
			isa = PBXVariantGroup;
			children = (
				416920D519DF953A00C75A10 /* Base */,
			);
			name = LaunchScreen.xib;
			sourceTree = "<group>";
		};
		416920D619DF953A00C75A10 /* Main.storyboard */ = {
			isa = PBXVariantGroup;
			children = (
				416920D719DF953A00C75A10 /* Base */,
			);
			name = Main.storyboard;
			sourceTree = "<group>";
		};
/* End PBXVariantGroup section */

/* Begin XCBuildConfiguration section */
		416920CA19DF91FF00C75A10 /* Debug */ = {
			isa = XCBuildConfiguration;
			buildSettings = {
				ALWAYS_SEARCH_USER_PATHS = NO;
				CLANG_CXX_LANGUAGE_STANDARD = "gnu++0x";
				CLANG_CXX_LIBRARY = "libc++";
				CLANG_ENABLE_MODULES = YES;
				CLANG_ENABLE_OBJC_ARC = YES;
				CLANG_WARN_BOOL_CONVERSION = YES;
				CLANG_WARN_CONSTANT_CONVERSION = YES;
				CLANG_WARN_DIRECT_OBJC_ISA_USAGE = YES_ERROR;
				CLANG_WARN_EMPTY_BODY = YES;
				CLANG_WARN_ENUM_CONVERSION = YES;
				CLANG_WARN_INT_CONVERSION = YES;
				CLANG_WARN_OBJC_ROOT_CLASS = YES_ERROR;
				CLANG_WARN_UNREACHABLE_CODE = YES;
				CLANG_WARN__DUPLICATE_METHOD_MATCH = YES;
				"CODE_SIGN_IDENTITY[sdk=iphoneos*]" = "iPhone Developer";
				COPY_PHASE_STRIP = NO;
				ENABLE_STRICT_OBJC_MSGSEND = YES;
				GCC_C_LANGUAGE_STANDARD = gnu99;
				GCC_DYNAMIC_NO_PIC = NO;
				GCC_OPTIMIZATION_LEVEL = 0;
				GCC_PREPROCESSOR_DEFINITIONS = (
					"DEBUG=1",
					"$(inherited)",
				);
				GCC_SYMBOLS_PRIVATE_EXTERN = NO;
				GCC_WARN_64_TO_32_BIT_CONVERSION = YES;
				GCC_WARN_ABOUT_RETURN_TYPE = YES_ERROR;
				GCC_WARN_UNDECLARED_SELECTOR = YES;
				GCC_WARN_UNINITIALIZED_AUTOS = YES_AGGRESSIVE;
				GCC_WARN_UNUSED_FUNCTION = YES;
				GCC_WARN_UNUSED_VARIABLE = YES;
				IPHONEOS_DEPLOYMENT_TARGET = 8.0;
				MTL_ENABLE_DEBUG_INFO = YES;
				ONLY_ACTIVE_ARCH = YES;
				SDKROOT = iphoneos;
				SWIFT_OPTIMIZATION_LEVEL = "-Onone";
				TARGETED_DEVICE_FAMILY = "1,2";
			};
			name = Debug;
		};
		416920CB19DF91FF00C75A10 /* Release */ = {
			isa = XCBuildConfiguration;
			buildSettings = {
				ALWAYS_SEARCH_USER_PATHS = NO;
				CLANG_CXX_LANGUAGE_STANDARD = "gnu++0x";
				CLANG_CXX_LIBRARY = "libc++";
				CLANG_ENABLE_MODULES = YES;
				CLANG_ENABLE_OBJC_ARC = YES;
				CLANG_WARN_BOOL_CONVERSION = YES;
				CLANG_WARN_CONSTANT_CONVERSION = YES;
				CLANG_WARN_DIRECT_OBJC_ISA_USAGE = YES_ERROR;
				CLANG_WARN_EMPTY_BODY = YES;
				CLANG_WARN_ENUM_CONVERSION = YES;
				CLANG_WARN_INT_CONVERSION = YES;
				CLANG_WARN_OBJC_ROOT_CLASS = YES_ERROR;
				CLANG_WARN_UNREACHABLE_CODE = YES;
				CLANG_WARN__DUPLICATE_METHOD_MATCH = YES;
				"CODE_SIGN_IDENTITY[sdk=iphoneos*]" = "iPhone Developer";
				COPY_PHASE_STRIP = YES;
				ENABLE_NS_ASSERTIONS = NO;
				ENABLE_STRICT_OBJC_MSGSEND = YES;
				GCC_C_LANGUAGE_STANDARD = gnu99;
				GCC_WARN_64_TO_32_BIT_CONVERSION = YES;
				GCC_WARN_ABOUT_RETURN_TYPE = YES_ERROR;
				GCC_WARN_UNDECLARED_SELECTOR = YES;
				GCC_WARN_UNINITIALIZED_AUTOS = YES_AGGRESSIVE;
				GCC_WARN_UNUSED_FUNCTION = YES;
				GCC_WARN_UNUSED_VARIABLE = YES;
				IPHONEOS_DEPLOYMENT_TARGET = 8.0;
				MTL_ENABLE_DEBUG_INFO = NO;
				SDKROOT = iphoneos;
				TARGETED_DEVICE_FAMILY = "1,2";
				VALIDATE_PRODUCT = YES;
			};
			name = Release;
		};
		416920CD19DF91FF00C75A10 /* Debug */ = {
			isa = XCBuildConfiguration;
			buildSettings = {
				ASSETCATALOG_COMPILER_APPICON_NAME = AppIcon;
				CODE_SIGN_IDENTITY = "iPhone Developer";
				INFOPLIST_FILE = "$(SRCROOT)/FBPhotos/SupportingFiles/Info.plist";
				LD_RUNPATH_SEARCH_PATHS = "$(inherited) @executable_path/Frameworks";
				PRODUCT_NAME = "$(TARGET_NAME)";
			};
			name = Debug;
		};
		416920CE19DF91FF00C75A10 /* Release */ = {
			isa = XCBuildConfiguration;
			buildSettings = {
				ASSETCATALOG_COMPILER_APPICON_NAME = AppIcon;
				CODE_SIGN_IDENTITY = "iPhone Developer";
				INFOPLIST_FILE = "$(SRCROOT)/FBPhotos/SupportingFiles/Info.plist";
				LD_RUNPATH_SEARCH_PATHS = "$(inherited) @executable_path/Frameworks";
				PRODUCT_NAME = "$(TARGET_NAME)";
			};
			name = Release;
		};
		416920D019DF91FF00C75A10 /* Debug */ = {
			isa = XCBuildConfiguration;
			buildSettings = {
				BUNDLE_LOADER = "$(TEST_HOST)";
				FRAMEWORK_SEARCH_PATHS = (
					"$(SDKROOT)/Developer/Library/Frameworks",
					"$(inherited)",
				);
				GCC_PREPROCESSOR_DEFINITIONS = (
					"DEBUG=1",
					"$(inherited)",
				);
				INFOPLIST_FILE = FBPhotosTests/Info.plist;
				LD_RUNPATH_SEARCH_PATHS = "$(inherited) @executable_path/Frameworks @loader_path/Frameworks";
				PRODUCT_NAME = "$(TARGET_NAME)";
				TEST_HOST = "$(BUILT_PRODUCTS_DIR)/FBPhotos.app/FBPhotos";
			};
			name = Debug;
		};
		416920D119DF91FF00C75A10 /* Release */ = {
			isa = XCBuildConfiguration;
			buildSettings = {
				BUNDLE_LOADER = "$(TEST_HOST)";
				FRAMEWORK_SEARCH_PATHS = (
					"$(SDKROOT)/Developer/Library/Frameworks",
					"$(inherited)",
				);
				INFOPLIST_FILE = FBPhotosTests/Info.plist;
				LD_RUNPATH_SEARCH_PATHS = "$(inherited) @executable_path/Frameworks @loader_path/Frameworks";
				PRODUCT_NAME = "$(TARGET_NAME)";
				TEST_HOST = "$(BUILT_PRODUCTS_DIR)/FBPhotos.app/FBPhotos";
			};
			name = Release;
		};
		416920F819DF96A600C75A10 /* Debug */ = {
			isa = XCBuildConfiguration;
			buildSettings = {
				CLANG_ENABLE_MODULES = YES;
				CODE_SIGN_IDENTITY = "iPhone Developer";
				CURRENT_PROJECT_VERSION = 1;
				DEFINES_MODULE = YES;
				DYLIB_COMPATIBILITY_VERSION = 1;
				DYLIB_CURRENT_VERSION = 1;
				DYLIB_INSTALL_NAME_BASE = "@rpath";
				GCC_PREPROCESSOR_DEFINITIONS = (
					"DEBUG=1",
					"$(inherited)",
				);
				INFOPLIST_FILE = "$(SRCROOT)/FBPhotosKit/SupportingFiles/Info.plist";
				INSTALL_PATH = "$(LOCAL_LIBRARY_DIR)/Frameworks";
				LD_RUNPATH_SEARCH_PATHS = "$(inherited) @executable_path/Frameworks @loader_path/Frameworks";
				PRODUCT_NAME = "$(TARGET_NAME)";
				SKIP_INSTALL = YES;
				SWIFT_OPTIMIZATION_LEVEL = "-Onone";
				VERSIONING_SYSTEM = "apple-generic";
				VERSION_INFO_PREFIX = "";
			};
			name = Debug;
		};
		416920F919DF96A600C75A10 /* Release */ = {
			isa = XCBuildConfiguration;
			buildSettings = {
				CLANG_ENABLE_MODULES = YES;
				CODE_SIGN_IDENTITY = "iPhone Developer";
				CURRENT_PROJECT_VERSION = 1;
				DEFINES_MODULE = YES;
				DYLIB_COMPATIBILITY_VERSION = 1;
				DYLIB_CURRENT_VERSION = 1;
				DYLIB_INSTALL_NAME_BASE = "@rpath";
				INFOPLIST_FILE = "$(SRCROOT)/FBPhotosKit/SupportingFiles/Info.plist";
				INSTALL_PATH = "$(LOCAL_LIBRARY_DIR)/Frameworks";
				LD_RUNPATH_SEARCH_PATHS = "$(inherited) @executable_path/Frameworks @loader_path/Frameworks";
				PRODUCT_NAME = "$(TARGET_NAME)";
				SKIP_INSTALL = YES;
				VERSIONING_SYSTEM = "apple-generic";
				VERSION_INFO_PREFIX = "";
			};
			name = Release;
		};
		416920FC19DF96A600C75A10 /* Debug */ = {
			isa = XCBuildConfiguration;
			buildSettings = {
				FRAMEWORK_SEARCH_PATHS = (
					"$(SDKROOT)/Developer/Library/Frameworks",
					"$(inherited)",
				);
				GCC_PREPROCESSOR_DEFINITIONS = (
					"DEBUG=1",
					"$(inherited)",
				);
				INFOPLIST_FILE = FBPhotosKitTests/Info.plist;
				LD_RUNPATH_SEARCH_PATHS = "$(inherited) @executable_path/Frameworks @loader_path/Frameworks";
				PRODUCT_NAME = "$(TARGET_NAME)";
				TEST_HOST = "$(BUILT_PRODUCTS_DIR)/FBPhotos.app/FBPhotos";
			};
			name = Debug;
		};
		416920FD19DF96A600C75A10 /* Release */ = {
			isa = XCBuildConfiguration;
			buildSettings = {
				FRAMEWORK_SEARCH_PATHS = (
					"$(SDKROOT)/Developer/Library/Frameworks",
					"$(inherited)",
				);
				INFOPLIST_FILE = FBPhotosKitTests/Info.plist;
				LD_RUNPATH_SEARCH_PATHS = "$(inherited) @executable_path/Frameworks @loader_path/Frameworks";
				PRODUCT_NAME = "$(TARGET_NAME)";
				TEST_HOST = "$(BUILT_PRODUCTS_DIR)/FBPhotos.app/FBPhotos";
			};
			name = Release;
		};
/* End XCBuildConfiguration section */

/* Begin XCConfigurationList section */
		416920A819DF91FF00C75A10 /* Build configuration list for PBXProject "FBPhotos" */ = {
			isa = XCConfigurationList;
			buildConfigurations = (
				416920CA19DF91FF00C75A10 /* Debug */,
				416920CB19DF91FF00C75A10 /* Release */,
			);
			defaultConfigurationIsVisible = 0;
			defaultConfigurationName = Release;
		};
		416920CC19DF91FF00C75A10 /* Build configuration list for PBXNativeTarget "FBPhotos" */ = {
			isa = XCConfigurationList;
			buildConfigurations = (
				416920CD19DF91FF00C75A10 /* Debug */,
				416920CE19DF91FF00C75A10 /* Release */,
			);
			defaultConfigurationIsVisible = 0;
		};
		416920CF19DF91FF00C75A10 /* Build configuration list for PBXNativeTarget "FBPhotosTests" */ = {
			isa = XCConfigurationList;
			buildConfigurations = (
				416920D019DF91FF00C75A10 /* Debug */,
				416920D119DF91FF00C75A10 /* Release */,
			);
			defaultConfigurationIsVisible = 0;
		};
		416920F719DF96A600C75A10 /* Build configuration list for PBXNativeTarget "FBPhotosKit" */ = {
			isa = XCConfigurationList;
			buildConfigurations = (
				416920F819DF96A600C75A10 /* Debug */,
				416920F919DF96A600C75A10 /* Release */,
			);
			defaultConfigurationIsVisible = 0;
		};
		416920FB19DF96A600C75A10 /* Build configuration list for PBXNativeTarget "FBPhotosKitTests" */ = {
			isa = XCConfigurationList;
			buildConfigurations = (
				416920FC19DF96A600C75A10 /* Debug */,
				416920FD19DF96A600C75A10 /* Release */,
			);
			defaultConfigurationIsVisible = 0;
		};
/* End XCConfigurationList section */
	};
	rootObject = 416920A519DF91FF00C75A10 /* Project object */;
}
